
Microsoft Visual Studio Solution File, Format Version 12.00
# Visual Studio Version 17
VisualStudioVersion = 17.3.32929.385
MinimumVisualStudioVersion = 10.0.40219.1
Project("{8BC9CEB8-8B4A-11D0-8D11-00A0C91BC942}") = "ListenYourHeart", "ListenYourHeart.vcxproj", "{0CF05F5E-2DF7-4802-B25D-18A90E4A1689}"
EndProject
Global
	GlobalSection(SolutionConfigurationPlatforms) = preSolution
		Debug|x64 = Debug|x64
		Debug|x86 = Debug|x86
		Release|x64 = Release|x64
		Release|x86 = Release|x86
	EndGlobalSection
	GlobalSection(ProjectConfigurationPlatforms) = postSolution
		{0CF05F5E-2DF7-4802-B25D-18A90E4A1689}.Debug|x64.ActiveCfg = Debug|x64
		{0CF05F5E-2DF7-4802-B25D-18A90E4A1689}.Debug|x64.Build.0 = Debug|x64
		{0CF05F5E-2DF7-4802-B25D-18A90E4A1689}.Debug|x86.ActiveCfg = Debug|Win32
		{0CF05F5E-2DF7-4802-B25D-18A90E4A1689}.Debug|x86.Build.0 = Debug|Win32
		{0CF05F5E-2DF7-4802-B25D-18A90E4A1689}.Release|x64.ActiveCfg = Release|x64
		{0CF05F5E-2DF7-4802-B25D-18A90E4A1689}.Release|x64.Build.0 = Release|x64
		{0CF05F5E-2DF7-4802-B25D-18A90E4A1689}.Release|x86.ActiveCfg = Release|Win32
		{0CF05F5E-2DF7-4802-B25D-18A90E4A1689}.Release|x86.Build.0 = Release|Win32
	EndGlobalSection
	GlobalSection(SolutionProperties) = preSolution
		HideSolutionNode = FALSE
	EndGlobalSection
	GlobalSection(ExtensibilityGlobals) = postSolution
		SolutionGuid = {953E5447-AD94-4152-9949-EF81FD3224AF}
	EndGlobalSection
EndGlobal
